// !$*UTF8*$!
{
	archiveVersion = 1;
	classes = {
	};
	objectVersion = 50;
	objects = {

/* Begin PBXBuildFile section */
		87562FDF242F71D800C8ADFF /* AppDelegate.swift in Sources */ = {isa = PBXBuildFile; fileRef = 87562FDE242F71D800C8ADFF /* AppDelegate.swift */; };
		87562FE1242F71D800C8ADFF /* SceneDelegate.swift in Sources */ = {isa = PBXBuildFile; fileRef = 87562FE0242F71D800C8ADFF /* SceneDelegate.swift */; };
		87562FE3242F71D800C8ADFF /* ViewController.swift in Sources */ = {isa = PBXBuildFile; fileRef = 87562FE2242F71D800C8ADFF /* ViewController.swift */; };
		87562FE6242F71D800C8ADFF /* Main.storyboard in Resources */ = {isa = PBXBuildFile; fileRef = 87562FE4242F71D800C8ADFF /* Main.storyboard */; };
		87562FE8242F71DB00C8ADFF /* Assets.xcassets in Resources */ = {isa = PBXBuildFile; fileRef = 87562FE7242F71DB00C8ADFF /* Assets.xcassets */; };
		87562FEB242F71DB00C8ADFF /* LaunchScreen.storyboard in Resources */ = {isa = PBXBuildFile; fileRef = 87562FE9242F71DB00C8ADFF /* LaunchScreen.storyboard */; };
/* End PBXBuildFile section */

/* Begin PBXFileReference section */
		87562FDB242F71D800C8ADFF /* 4-ColorPicker.app */ = {isa = PBXFileReference; explicitFileType = wrapper.application; includeInIndex = 0; path = "4-ColorPicker.app"; sourceTree = BUILT_PRODUCTS_DIR; };
		87562FDE242F71D800C8ADFF /* AppDelegate.swift */ = {isa = PBXFileReference; lastKnownFileType = sourcecode.swift; path = AppDelegate.swift; sourceTree = "<group>"; };
		87562FE0242F71D800C8ADFF /* SceneDelegate.swift */ = {isa = PBXFileReference; lastKnownFileType = sourcecode.swift; path = SceneDelegate.swift; sourceTree = "<group>"; };
		87562FE2242F71D800C8ADFF /* ViewController.swift */ = {isa = PBXFileReference; lastKnownFileType = sourcecode.swift; path = ViewController.swift; sourceTree = "<group>"; };
		87562FE5242F71D800C8ADFF /* Base */ = {isa = PBXFileReference; lastKnownFileType = file.storyboard; name = Base; path = Base.lproj/Main.storyboard; sourceTree = "<group>"; };
		87562FE7242F71DB00C8ADFF /* Assets.xcassets */ = {isa = PBXFileReference; lastKnownFileType = folder.assetcatalog; path = Assets.xcassets; sourceTree = "<group>"; };
		87562FEA242F71DB00C8ADFF /* Base */ = {isa = PBXFileReference; lastKnownFileType = file.storyboard; name = Base; path = Base.lproj/LaunchScreen.storyboard; sourceTree = "<group>"; };
		87562FEC242F71DB00C8ADFF /* Info.plist */ = {isa = PBXFileReference; lastKnownFileType = text.plist.xml; path = Info.plist; sourceTree = "<group>"; };
/* End PBXFileReference section */

/* Begin PBXFrameworksBuildPhase section */
		87562FD8242F71D800C8ADFF /* Frameworks */ = {
			isa = PBXFrameworksBuildPhase;
			buildActionMask = 2147483647;
			files = (
			);
			runOnlyForDeploymentPostprocessing = 0;
		};
/* End PBXFrameworksBuildPhase section */

/* Begin PBXGroup section */
		87562FD2242F71D700C8ADFF = {
			isa = PBXGroup;
			children = (
				87562FDD242F71D800C8ADFF /* 4-ColorPicker */,
				87562FDC242F71D800C8ADFF /* Products */,
			);
			sourceTree = "<group>";
		};
		87562FDC242F71D800C8ADFF /* Products */ = {
			isa = PBXGroup;
			children = (
				87562FDB242F71D800C8ADFF /* 4-ColorPicker.app */,
			);
			name = Products;
			sourceTree = "<group>";
		};
		87562FDD242F71D800C8ADFF /* 4-ColorPicker */ = {
			isa = PBXGroup;
			children = (
				87562FDE242F71D800C8ADFF /* AppDelegate.swift */,
				87562FE0242F71D800C8ADFF /* SceneDelegate.swift */,
				87562FE2242F71D800C8ADFF /* ViewController.swift */,
				87562FE4242F71D800C8ADFF /* Main.storyboard */,
				87562FE7242F71DB00C8ADFF /* Assets.xcassets */,
				87562FE9242F71DB00C8ADFF /* LaunchScreen.storyboard */,
				87562FEC242F71DB00C8ADFF /* Info.plist */,
			);
			path = "4-ColorPicker";
			sourceTree = "<group>";
		};
/* End PBXGroup section */

/* Begin PBXNativeTarget section */
		87562FDA242F71D800C8ADFF /* 4-ColorPicker */ = {
			isa = PBXNativeTarget;
			buildConfigurationList = 87562FEF242F71DB00C8ADFF /* Build configuration list for PBXNativeTarget "4-ColorPicker" */;
			buildPhases = (
				87562FD7242F71D800C8ADFF /* Sources */,
				87562FD8242F71D800C8ADFF /* Frameworks */,
				87562FD9242F71D800C8ADFF /* Resources */,
			);
			buildRules = (
			);
			dependencies = (
			);
			name = "4-ColorPicker";
			productName = "4-ColorPicker";
			productReference = 87562FDB242F71D800C8ADFF /* 4-ColorPicker.app */;
			productType = "com.apple.product-type.application";
		};
/* End PBXNativeTarget section */

/* Begin PBXProject section */
		87562FD3242F71D700C8ADFF /* Project object */ = {
			isa = PBXProject;
			attributes = {
				LastSwiftUpdateCheck = 1140;
				LastUpgradeCheck = 1140;
				ORGANIZATIONNAME = MobileX.IVIS.CWNU;
				TargetAttributes = {
					87562FDA242F71D800C8ADFF = {
						CreatedOnToolsVersion = 11.4;
					};
				};
			};
			buildConfigurationList = 87562FD6242F71D700C8ADFF /* Build configuration list for PBXProject "4-ColorPicker" */;
			compatibilityVersion = "Xcode 9.3";
			developmentRegion = en;
			hasScannedForEncodings = 0;
			knownRegions = (
				en,
				Base,
			);
			mainGroup = 87562FD2242F71D700C8ADFF;
			productRefGroup = 87562FDC242F71D800C8ADFF /* Products */;
			projectDirPath = "";
			projectRoot = "";
			targets = (
				87562FDA242F71D800C8ADFF /* 4-ColorPicker */,
			);
		};
/* End PBXProject section */

/* Begin PBXResourcesBuildPhase section */
		87562FD9242F71D800C8ADFF /* Resources */ = {
			isa = PBXResourcesBuildPhase;
			buildActionMask = 2147483647;
			files = (
				87562FEB242F71DB00C8ADFF /* LaunchScreen.storyboard in Resources */,
				87562FE8242F71DB00C8ADFF /* Assets.xcassets in Resources */,
				87562FE6242F71D800C8ADFF /* Main.storyboard in Resources */,
			);
			runOnlyForDeploymentPostprocessing = 0;
		};
/* End PBXResourcesBuildPhase section */

/* Begin PBXSourcesBuildPhase section */
		87562FD7242F71D800C8ADFF /* Sources */ = {
			isa = PBXSourcesBuildPhase;
			buildActionMask = 2147483647;
			files = (
				87562FE3242F71D800C8ADFF /* ViewController.swift in Sources */,
				87562FDF242F71D800C8ADFF /* AppDelegate.swift in Sources */,
				87562FE1242F71D800C8ADFF /* SceneDelegate.swift in Sources */,
			);
			runOnlyForDeploymentPostprocessing = 0;
		};
/* End PBXSourcesBuildPhase section */

/* Begin PBXVariantGroup section */
		87562FE4242F71D800C8ADFF /* Main.storyboard */ = {
			isa = PBXVariantGroup;
			children = (
				87562FE5242F71D800C8ADFF /* Base */,
			);
			name = Main.storyboard;
			sourceTree = "<group>";
		};
		87562FE9242F71DB00C8ADFF /* LaunchScreen.storyboard */ = {
			isa = PBXVariantGroup;
			children = (
				87562FEA242F71DB00C8ADFF /* Base */,
			);
			name = LaunchScreen.storyboard;
			sourceTree = "<group>";
		};
/* End PBXVariantGroup section */

/* Begin XCBuildConfiguration section */
		87562FED242F71DB00C8ADFF /* Debug */ = {
			isa = XCBuildConfiguration;
			buildSettings = {
				ALWAYS_SEARCH_USER_PATHS = NO;
				CLANG_ANALYZER_NONNULL = YES;
				CLANG_ANALYZER_NUMBER_OBJECT_CONVERSION = YES_AGGRESSIVE;
				CLANG_CXX_LANGUAGE_STANDARD = "gnu++14";
				CLANG_CXX_LIBRARY = "libc++";
				CLANG_ENABLE_MODULES = YES;
				CLANG_ENABLE_OBJC_ARC = YES;
				CLANG_ENABLE_OBJC_WEAK = YES;
				CLANG_WARN_BLOCK_CAPTURE_AUTORELEASING = YES;
				CLANG_WARN_BOOL_CONVERSION = YES;
				CLANG_WARN_COMMA = YES;
				CLANG_WARN_CONSTANT_CONVERSION = YES;
				CLANG_WARN_DEPRECATED_OBJC_IMPLEMENTATIONS = YES;
				CLANG_WARN_DIRECT_OBJC_ISA_USAGE = YES_ERROR;
				CLANG_WARN_DOCUMENTATION_COMMENTS = YES;
				CLANG_WARN_EMPTY_BODY = YES;
				CLANG_WARN_ENUM_CONVERSION = YES;
				CLANG_WARN_INFINITE_RECURSION = YES;
				CLANG_WARN_INT_CONVERSION = YES;
				CLANG_WARN_NON_LITERAL_NULL_CONVERSION = YES;
				CLANG_WARN_OBJC_IMPLICIT_RETAIN_SELF = YES;
				CLANG_WARN_OBJC_LITERAL_CONVERSION = YES;
				CLANG_WARN_OBJC_ROOT_CLASS = YES_ERROR;
				CLANG_WARN_RANGE_LOOP_ANALYSIS = YES;
				CLANG_WARN_STRICT_PROTOTYPES = YES;
				CLANG_WARN_SUSPICIOUS_MOVE = YES;
				CLANG_WARN_UNGUARDED_AVAILABILITY = YES_AGGRESSIVE;
				CLANG_WARN_UNREACHABLE_CODE = YES;
				CLANG_WARN__DUPLICATE_METHOD_MATCH = YES;
				COPY_PHASE_STRIP = NO;
				DEBUG_INFORMATION_FORMAT = dwarf;
				ENABLE_STRICT_OBJC_MSGSEND = YES;
				ENABLE_TESTABILITY = YES;
				GCC_C_LANGUAGE_STANDARD = gnu11;
				GCC_DYNAMIC_NO_PIC = NO;
				GCC_NO_COMMON_BLOCKS = YES;
				GCC_OPTIMIZATION_LEVEL = 0;
				GCC_PREPROCESSOR_DEFINITIONS = (
					"DEBUG=1",
					"$(inherited)",
				);
				GCC_WARN_64_TO_32_BIT_CONVERSION = YES;
				GCC_WARN_ABOUT_RETURN_TYPE = YES_ERROR;
				GCC_WARN_UNDECLARED_SELECTOR = YES;
				GCC_WARN_UNINITIALIZED_AUTOS = YES_AGGRESSIVE;
				GCC_WARN_UNUSED_FUNCTION = YES;
				GCC_WARN_UNUSED_VARIABLE = YES;
				IPHONEOS_DEPLOYMENT_TARGET = 13.4;
				MTL_ENABLE_DEBUG_INFO = INCLUDE_SOURCE;
				MTL_FAST_MATH = YES;
				ONLY_ACTIVE_ARCH = YES;
				SDKROOT = iphoneos;
				SWIFT_ACTIVE_COMPILATION_CONDITIONS = DEBUG;
				SWIFT_OPTIMIZATION_LEVEL = "-Onone";
			};
			name = Debug;
		};
		87562FEE242F71DB00C8ADFF /* Release */ = {
			isa = XCBuildConfiguration;
			buildSettings = {
				ALWAYS_SEARCH_USER_PATHS = NO;
				CLANG_ANALYZER_NONNULL = YES;
				CLANG_ANALYZER_NUMBER_OBJECT_CONVERSION = YES_AGGRESSIVE;
				CLANG_CXX_LANGUAGE_STANDARD = "gnu++14";
				CLANG_CXX_LIBRARY = "libc++";
				CLANG_ENABLE_MODULES = YES;
				CLANG_ENABLE_OBJC_ARC = YES;
				CLANG_ENABLE_OBJC_WEAK = YES;
				CLANG_WARN_BLOCK_CAPTURE_AUTORELEASING = YES;
				CLANG_WARN_BOOL_CONVERSION = YES;
				CLANG_WARN_COMMA = YES;
				CLANG_WARN_CONSTANT_CONVERSION = YES;
				CLANG_WARN_DEPRECATED_OBJC_IMPLEMENTATIONS = YES;
				CLANG_WARN_DIRECT_OBJC_ISA_USAGE = YES_ERROR;
				CLANG_WARN_DOCUMENTATION_COMMENTS = YES;
				CLANG_WARN_EMPTY_BODY = YES;
				CLANG_WARN_ENUM_CONVERSION = YES;
				CLANG_WARN_INFINITE_RECURSION = YES;
				CLANG_WARN_INT_CONVERSION = YES;
				CLANG_WARN_NON_LITERAL_NULL_CONVERSION = YES;
				CLANG_WARN_OBJC_IMPLICIT_RETAIN_SELF = YES;
				CLANG_WARN_OBJC_LITERAL_CONVERSION = YES;
				CLANG_WARN_OBJC_ROOT_CLASS = YES_ERROR;
				CLANG_WARN_RANGE_LOOP_ANALYSIS = YES;
				CLANG_WARN_STRICT_PROTOTYPES = YES;
				CLANG_WARN_SUSPICIOUS_MOVE = YES;
				CLANG_WARN_UNGUARDED_AVAILABILITY = YES_AGGRESSIVE;
				CLANG_WARN_UNREACHABLE_CODE = YES;
				CLANG_WARN__DUPLICATE_METHOD_MATCH = YES;
				COPY_PHASE_STRIP = NO;
				DEBUG_INFORMATION_FORMAT = "dwarf-with-dsym";
				ENABLE_NS_ASSERTIONS = NO;
				ENABLE_STRICT_OBJC_MSGSEND = YES;
				GCC_C_LANGUAGE_STANDARD = gnu11;
				GCC_NO_COMMON_BLOCKS = YES;
				GCC_WARN_64_TO_32_BIT_CONVERSION = YES;
				GCC_WARN_ABOUT_RETURN_TYPE = YES_ERROR;
				GCC_WARN_UNDECLARED_SELECTOR = YES;
				GCC_WARN_UNINITIALIZED_AUTOS = YES_AGGRESSIVE;
				GCC_WARN_UNUSED_FUNCTION = YES;
				GCC_WARN_UNUSED_VARIABLE = YES;
				IPHONEOS_DEPLOYMENT_TARGET = 13.4;
				MTL_ENABLE_DEBUG_INFO = NO;
				MTL_FAST_MATH = YES;
				SDKROOT = iphoneos;
				SWIFT_COMPILATION_MODE = wholemodule;
				SWIFT_OPTIMIZATION_LEVEL = "-O";
				VALIDATE_PRODUCT = YES;
			};
			name = Release;
		};
		87562FF0242F71DB00C8ADFF /* Debug */ = {
			isa = XCBuildConfiguration;
			buildSettings = {
				ASSETCATALOG_COMPILER_APPICON_NAME = AppIcon;
				CODE_SIGN_STYLE = Automatic;
				DEVELOPMENT_TEAM = 6HZPF82MN3;
				INFOPLIST_FILE = "4-ColorPicker/Info.plist";
				LD_RUNPATH_SEARCH_PATHS = (
					"$(inherited)",
					"@executable_path/Frameworks",
				);
				PRODUCT_BUNDLE_IDENTIFIER = "ight.hyozJo-o.student.--ColorPicker";
				PRODUCT_NAME = "$(TARGET_NAME)";
				SWIFT_VERSION = 5.0;
				TARGETED_DEVICE_FAMILY = "1,2";
			};
			name = Debug;
		};
		87562FF1242F71DB00C8ADFF /* Release */ = {
			isa = XCBuildConfiguration;
			buildSettings = {
				ASSETCATALOG_COMPILER_APPICON_NAME = AppIcon;
				CODE_SIGN_STYLE = Automatic;
				DEVELOPMENT_TEAM = 6HZPF82MN3;
				INFOPLIST_FILE = "4-ColorPicker/Info.plist";
				LD_RUNPATH_SEARCH_PATHS = (
					"$(inherited)",
					"@executable_path/Frameworks",
				);
				PRODUCT_BUNDLE_IDENTIFIER = "ight.hyozJo-o.student.--ColorPicker";
				PRODUCT_NAME = "$(TARGET_NAME)";
				SWIFT_VERSION = 5.0;
				TARGETED_DEVICE_FAMILY = "1,2";
			};
			name = Release;
		};
/* End XCBuildConfiguration section */

/* Begin XCConfigurationList section */
		87562FD6242F71D700C8ADFF /* Build configuration list for PBXProject "4-ColorPicker" */ = {
			isa = XCConfigurationList;
			buildConfigurations = (
				87562FED242F71DB00C8ADFF /* Debug */,
				87562FEE242F71DB00C8ADFF /* Release */,
			);
			defaultConfigurationIsVisible = 0;
			defaultConfigurationName = Release;
		};
		87562FEF242F71DB00C8ADFF /* Build configuration list for PBXNativeTarget "4-ColorPicker" */ = {
			isa = XCConfigurationList;
			buildConfigurations = (
				87562FF0242F71DB00C8ADFF /* Debug */,
				87562FF1242F71DB00C8ADFF /* Release */,
			);
			defaultConfigurationIsVisible = 0;
			defaultConfigurationName = Release;
		};
/* End XCConfigurationList section */
	};
	rootObject = 87562FD3242F71D700C8ADFF /* Project object */;
}
