// !$*UTF8*$!
{
	archiveVersion = 1;
	classes = {
	};
	objectVersion = 50;
	objects = {

/* Begin PBXBuildFile section */
		87DAF4982425F44E00C312CF /* AppDelegate.swift in Sources */ = {isa = PBXBuildFile; fileRef = 87DAF4972425F44E00C312CF /* AppDelegate.swift */; };
		87DAF49A2425F44E00C312CF /* SceneDelegate.swift in Sources */ = {isa = PBXBuildFile; fileRef = 87DAF4992425F44E00C312CF /* SceneDelegate.swift */; };
		87DAF49C2425F44E00C312CF /* ViewController.swift in Sources */ = {isa = PBXBuildFile; fileRef = 87DAF49B2425F44E00C312CF /* ViewController.swift */; };
		87DAF49F2425F44E00C312CF /* Main.storyboard in Resources */ = {isa = PBXBuildFile; fileRef = 87DAF49D2425F44E00C312CF /* Main.storyboard */; };
		87DAF4A12425F44F00C312CF /* Assets.xcassets in Resources */ = {isa = PBXBuildFile; fileRef = 87DAF4A02425F44F00C312CF /* Assets.xcassets */; };
		87DAF4A42425F44F00C312CF /* LaunchScreen.storyboard in Resources */ = {isa = PBXBuildFile; fileRef = 87DAF4A22425F44F00C312CF /* LaunchScreen.storyboard */; };
/* End PBXBuildFile section */

/* Begin PBXFileReference section */
		87DAF4942425F44E00C312CF /* 1-MyWebBrowser.app */ = {isa = PBXFileReference; explicitFileType = wrapper.application; includeInIndex = 0; path = "1-MyWebBrowser.app"; sourceTree = BUILT_PRODUCTS_DIR; };
		87DAF4972425F44E00C312CF /* AppDelegate.swift */ = {isa = PBXFileReference; lastKnownFileType = sourcecode.swift; path = AppDelegate.swift; sourceTree = "<group>"; };
		87DAF4992425F44E00C312CF /* SceneDelegate.swift */ = {isa = PBXFileReference; lastKnownFileType = sourcecode.swift; path = SceneDelegate.swift; sourceTree = "<group>"; };
		87DAF49B2425F44E00C312CF /* ViewController.swift */ = {isa = PBXFileReference; lastKnownFileType = sourcecode.swift; path = ViewController.swift; sourceTree = "<group>"; };
		87DAF49E2425F44E00C312CF /* Base */ = {isa = PBXFileReference; lastKnownFileType = file.storyboard; name = Base; path = Base.lproj/Main.storyboard; sourceTree = "<group>"; };
		87DAF4A02425F44F00C312CF /* Assets.xcassets */ = {isa = PBXFileReference; lastKnownFileType = folder.assetcatalog; path = Assets.xcassets; sourceTree = "<group>"; };
		87DAF4A32425F44F00C312CF /* Base */ = {isa = PBXFileReference; lastKnownFileType = file.storyboard; name = Base; path = Base.lproj/LaunchScreen.storyboard; sourceTree = "<group>"; };
		87DAF4A52425F44F00C312CF /* Info.plist */ = {isa = PBXFileReference; lastKnownFileType = text.plist.xml; path = Info.plist; sourceTree = "<group>"; };
/* End PBXFileReference section */

/* Begin PBXFrameworksBuildPhase section */
		87DAF4912425F44E00C312CF /* Frameworks */ = {
			isa = PBXFrameworksBuildPhase;
			buildActionMask = 2147483647;
			files = (
			);
			runOnlyForDeploymentPostprocessing = 0;
		};
/* End PBXFrameworksBuildPhase section */

/* Begin PBXGroup section */
		87DAF48B2425F44E00C312CF = {
			isa = PBXGroup;
			children = (
				87DAF4962425F44E00C312CF /* 1-MyWebBrowser */,
				87DAF4952425F44E00C312CF /* Products */,
			);
			sourceTree = "<group>";
		};
		87DAF4952425F44E00C312CF /* Products */ = {
			isa = PBXGroup;
			children = (
				87DAF4942425F44E00C312CF /* 1-MyWebBrowser.app */,
			);
			name = Products;
			sourceTree = "<group>";
		};
		87DAF4962425F44E00C312CF /* 1-MyWebBrowser */ = {
			isa = PBXGroup;
			children = (
				87DAF4972425F44E00C312CF /* AppDelegate.swift */,
				87DAF4992425F44E00C312CF /* SceneDelegate.swift */,
				87DAF49B2425F44E00C312CF /* ViewController.swift */,
				87DAF49D2425F44E00C312CF /* Main.storyboard */,
				87DAF4A02425F44F00C312CF /* Assets.xcassets */,
				87DAF4A22425F44F00C312CF /* LaunchScreen.storyboard */,
				87DAF4A52425F44F00C312CF /* Info.plist */,
			);
			path = "1-MyWebBrowser";
			sourceTree = "<group>";
		};
/* End PBXGroup section */

/* Begin PBXNativeTarget section */
		87DAF4932425F44E00C312CF /* 1-MyWebBrowser */ = {
			isa = PBXNativeTarget;
			buildConfigurationList = 87DAF4A82425F44F00C312CF /* Build configuration list for PBXNativeTarget "1-MyWebBrowser" */;
			buildPhases = (
				87DAF4902425F44E00C312CF /* Sources */,
				87DAF4912425F44E00C312CF /* Frameworks */,
				87DAF4922425F44E00C312CF /* Resources */,
			);
			buildRules = (
			);
			dependencies = (
			);
			name = "1-MyWebBrowser";
			productName = "1-MyWebBrowser";
			productReference = 87DAF4942425F44E00C312CF /* 1-MyWebBrowser.app */;
			productType = "com.apple.product-type.application";
		};
/* End PBXNativeTarget section */

/* Begin PBXProject section */
		87DAF48C2425F44E00C312CF /* Project object */ = {
			isa = PBXProject;
			attributes = {
				LastSwiftUpdateCheck = 1130;
				LastUpgradeCheck = 1130;
				ORGANIZATIONNAME = mobileX.CWNU;
				TargetAttributes = {
					87DAF4932425F44E00C312CF = {
						CreatedOnToolsVersion = 11.3.1;
					};
				};
			};
			buildConfigurationList = 87DAF48F2425F44E00C312CF /* Build configuration list for PBXProject "1-MyWebBrowser" */;
			compatibilityVersion = "Xcode 9.3";
			developmentRegion = en;
			hasScannedForEncodings = 0;
			knownRegions = (
				en,
				Base,
			);
			mainGroup = 87DAF48B2425F44E00C312CF;
			productRefGroup = 87DAF4952425F44E00C312CF /* Products */;
			projectDirPath = "";
			projectRoot = "";
			targets = (
				87DAF4932425F44E00C312CF /* 1-MyWebBrowser */,
			);
		};
/* End PBXProject section */

/* Begin PBXResourcesBuildPhase section */
		87DAF4922425F44E00C312CF /* Resources */ = {
			isa = PBXResourcesBuildPhase;
			buildActionMask = 2147483647;
			files = (
				87DAF4A42425F44F00C312CF /* LaunchScreen.storyboard in Resources */,
				87DAF4A12425F44F00C312CF /* Assets.xcassets in Resources */,
				87DAF49F2425F44E00C312CF /* Main.storyboard in Resources */,
			);
			runOnlyForDeploymentPostprocessing = 0;
		};
/* End PBXResourcesBuildPhase section */

/* Begin PBXSourcesBuildPhase section */
		87DAF4902425F44E00C312CF /* Sources */ = {
			isa = PBXSourcesBuildPhase;
			buildActionMask = 2147483647;
			files = (
				87DAF49C2425F44E00C312CF /* ViewController.swift in Sources */,
				87DAF4982425F44E00C312CF /* AppDelegate.swift in Sources */,
				87DAF49A2425F44E00C312CF /* SceneDelegate.swift in Sources */,
			);
			runOnlyForDeploymentPostprocessing = 0;
		};
/* End PBXSourcesBuildPhase section */

/* Begin PBXVariantGroup section */
		87DAF49D2425F44E00C312CF /* Main.storyboard */ = {
			isa = PBXVariantGroup;
			children = (
				87DAF49E2425F44E00C312CF /* Base */,
			);
			name = Main.storyboard;
			sourceTree = "<group>";
		};
		87DAF4A22425F44F00C312CF /* LaunchScreen.storyboard */ = {
			isa = PBXVariantGroup;
			children = (
				87DAF4A32425F44F00C312CF /* Base */,
			);
			name = LaunchScreen.storyboard;
			sourceTree = "<group>";
		};
/* End PBXVariantGroup section */

/* Begin XCBuildConfiguration section */
		87DAF4A62425F44F00C312CF /* Debug */ = {
			isa = XCBuildConfiguration;
			buildSettings = {
				ALWAYS_SEARCH_USER_PATHS = NO;
				CLANG_ANALYZER_NONNULL = YES;
				CLANG_ANALYZER_NUMBER_OBJECT_CONVERSION = YES_AGGRESSIVE;
				CLANG_CXX_LANGUAGE_STANDARD = "gnu++14";
				CLANG_CXX_LIBRARY = "libc++";
				CLANG_ENABLE_MODULES = YES;
				CLANG_ENABLE_OBJC_ARC = YES;
				CLANG_ENABLE_OBJC_WEAK = YES;
				CLANG_WARN_BLOCK_CAPTURE_AUTORELEASING = YES;
				CLANG_WARN_BOOL_CONVERSION = YES;
				CLANG_WARN_COMMA = YES;
				CLANG_WARN_CONSTANT_CONVERSION = YES;
				CLANG_WARN_DEPRECATED_OBJC_IMPLEMENTATIONS = YES;
				CLANG_WARN_DIRECT_OBJC_ISA_USAGE = YES_ERROR;
				CLANG_WARN_DOCUMENTATION_COMMENTS = YES;
				CLANG_WARN_EMPTY_BODY = YES;
				CLANG_WARN_ENUM_CONVERSION = YES;
				CLANG_WARN_INFINITE_RECURSION = YES;
				CLANG_WARN_INT_CONVERSION = YES;
				CLANG_WARN_NON_LITERAL_NULL_CONVERSION = YES;
				CLANG_WARN_OBJC_IMPLICIT_RETAIN_SELF = YES;
				CLANG_WARN_OBJC_LITERAL_CONVERSION = YES;
				CLANG_WARN_OBJC_ROOT_CLASS = YES_ERROR;
				CLANG_WARN_RANGE_LOOP_ANALYSIS = YES;
				CLANG_WARN_STRICT_PROTOTYPES = YES;
				CLANG_WARN_SUSPICIOUS_MOVE = YES;
				CLANG_WARN_UNGUARDED_AVAILABILITY = YES_AGGRESSIVE;
				CLANG_WARN_UNREACHABLE_CODE = YES;
				CLANG_WARN__DUPLICATE_METHOD_MATCH = YES;
				COPY_PHASE_STRIP = NO;
				DEBUG_INFORMATION_FORMAT = dwarf;
				ENABLE_STRICT_OBJC_MSGSEND = YES;
				ENABLE_TESTABILITY = YES;
				GCC_C_LANGUAGE_STANDARD = gnu11;
				GCC_DYNAMIC_NO_PIC = NO;
				GCC_NO_COMMON_BLOCKS = YES;
				GCC_OPTIMIZATION_LEVEL = 0;
				GCC_PREPROCESSOR_DEFINITIONS = (
					"DEBUG=1",
					"$(inherited)",
				);
				GCC_WARN_64_TO_32_BIT_CONVERSION = YES;
				GCC_WARN_ABOUT_RETURN_TYPE = YES_ERROR;
				GCC_WARN_UNDECLARED_SELECTOR = YES;
				GCC_WARN_UNINITIALIZED_AUTOS = YES_AGGRESSIVE;
				GCC_WARN_UNUSED_FUNCTION = YES;
				GCC_WARN_UNUSED_VARIABLE = YES;
				IPHONEOS_DEPLOYMENT_TARGET = 13.2;
				MTL_ENABLE_DEBUG_INFO = INCLUDE_SOURCE;
				MTL_FAST_MATH = YES;
				ONLY_ACTIVE_ARCH = YES;
				SDKROOT = iphoneos;
				SWIFT_ACTIVE_COMPILATION_CONDITIONS = DEBUG;
				SWIFT_OPTIMIZATION_LEVEL = "-Onone";
			};
			name = Debug;
		};
		87DAF4A72425F44F00C312CF /* Release */ = {
			isa = XCBuildConfiguration;
			buildSettings = {
				ALWAYS_SEARCH_USER_PATHS = NO;
				CLANG_ANALYZER_NONNULL = YES;
				CLANG_ANALYZER_NUMBER_OBJECT_CONVERSION = YES_AGGRESSIVE;
				CLANG_CXX_LANGUAGE_STANDARD = "gnu++14";
				CLANG_CXX_LIBRARY = "libc++";
				CLANG_ENABLE_MODULES = YES;
				CLANG_ENABLE_OBJC_ARC = YES;
				CLANG_ENABLE_OBJC_WEAK = YES;
				CLANG_WARN_BLOCK_CAPTURE_AUTORELEASING = YES;
				CLANG_WARN_BOOL_CONVERSION = YES;
				CLANG_WARN_COMMA = YES;
				CLANG_WARN_CONSTANT_CONVERSION = YES;
				CLANG_WARN_DEPRECATED_OBJC_IMPLEMENTATIONS = YES;
				CLANG_WARN_DIRECT_OBJC_ISA_USAGE = YES_ERROR;
				CLANG_WARN_DOCUMENTATION_COMMENTS = YES;
				CLANG_WARN_EMPTY_BODY = YES;
				CLANG_WARN_ENUM_CONVERSION = YES;
				CLANG_WARN_INFINITE_RECURSION = YES;
				CLANG_WARN_INT_CONVERSION = YES;
				CLANG_WARN_NON_LITERAL_NULL_CONVERSION = YES;
				CLANG_WARN_OBJC_IMPLICIT_RETAIN_SELF = YES;
				CLANG_WARN_OBJC_LITERAL_CONVERSION = YES;
				CLANG_WARN_OBJC_ROOT_CLASS = YES_ERROR;
				CLANG_WARN_RANGE_LOOP_ANALYSIS = YES;
				CLANG_WARN_STRICT_PROTOTYPES = YES;
				CLANG_WARN_SUSPICIOUS_MOVE = YES;
				CLANG_WARN_UNGUARDED_AVAILABILITY = YES_AGGRESSIVE;
				CLANG_WARN_UNREACHABLE_CODE = YES;
				CLANG_WARN__DUPLICATE_METHOD_MATCH = YES;
				COPY_PHASE_STRIP = NO;
				DEBUG_INFORMATION_FORMAT = "dwarf-with-dsym";
				ENABLE_NS_ASSERTIONS = NO;
				ENABLE_STRICT_OBJC_MSGSEND = YES;
				GCC_C_LANGUAGE_STANDARD = gnu11;
				GCC_NO_COMMON_BLOCKS = YES;
				GCC_WARN_64_TO_32_BIT_CONVERSION = YES;
				GCC_WARN_ABOUT_RETURN_TYPE = YES_ERROR;
				GCC_WARN_UNDECLARED_SELECTOR = YES;
				GCC_WARN_UNINITIALIZED_AUTOS = YES_AGGRESSIVE;
				GCC_WARN_UNUSED_FUNCTION = YES;
				GCC_WARN_UNUSED_VARIABLE = YES;
				IPHONEOS_DEPLOYMENT_TARGET = 13.2;
				MTL_ENABLE_DEBUG_INFO = NO;
				MTL_FAST_MATH = YES;
				SDKROOT = iphoneos;
				SWIFT_COMPILATION_MODE = wholemodule;
				SWIFT_OPTIMIZATION_LEVEL = "-O";
				VALIDATE_PRODUCT = YES;
			};
			name = Release;
		};
		87DAF4A92425F44F00C312CF /* Debug */ = {
			isa = XCBuildConfiguration;
			buildSettings = {
				ASSETCATALOG_COMPILER_APPICON_NAME = AppIcon;
				CODE_SIGN_STYLE = Automatic;
				DEVELOPMENT_TEAM = 6HZPF82MN3;
				INFOPLIST_FILE = "1-MyWebBrowser/Info.plist";
				LD_RUNPATH_SEARCH_PATHS = (
					"$(inherited)",
					"@executable_path/Frameworks",
				);
				PRODUCT_BUNDLE_IDENTIFIER = "ight.hyozJo-o.student.--MyWebBrowser";
				PRODUCT_NAME = "$(TARGET_NAME)";
				SWIFT_VERSION = 5.0;
				TARGETED_DEVICE_FAMILY = "1,2";
			};
			name = Debug;
		};
		87DAF4AA2425F44F00C312CF /* Release */ = {
			isa = XCBuildConfiguration;
			buildSettings = {
				ASSETCATALOG_COMPILER_APPICON_NAME = AppIcon;
				CODE_SIGN_STYLE = Automatic;
				DEVELOPMENT_TEAM = 6HZPF82MN3;
				INFOPLIST_FILE = "1-MyWebBrowser/Info.plist";
				LD_RUNPATH_SEARCH_PATHS = (
					"$(inherited)",
					"@executable_path/Frameworks",
				);
				PRODUCT_BUNDLE_IDENTIFIER = "ight.hyozJo-o.student.--MyWebBrowser";
				PRODUCT_NAME = "$(TARGET_NAME)";
				SWIFT_VERSION = 5.0;
				TARGETED_DEVICE_FAMILY = "1,2";
			};
			name = Release;
		};
/* End XCBuildConfiguration section */

/* Begin XCConfigurationList section */
		87DAF48F2425F44E00C312CF /* Build configuration list for PBXProject "1-MyWebBrowser" */ = {
			isa = XCConfigurationList;
			buildConfigurations = (
				87DAF4A62425F44F00C312CF /* Debug */,
				87DAF4A72425F44F00C312CF /* Release */,
			);
			defaultConfigurationIsVisible = 0;
			defaultConfigurationName = Release;
		};
		87DAF4A82425F44F00C312CF /* Build configuration list for PBXNativeTarget "1-MyWebBrowser" */ = {
			isa = XCConfigurationList;
			buildConfigurations = (
				87DAF4A92425F44F00C312CF /* Debug */,
				87DAF4AA2425F44F00C312CF /* Release */,
			);
			defaultConfigurationIsVisible = 0;
			defaultConfigurationName = Release;
		};
/* End XCConfigurationList section */
	};
	rootObject = 87DAF48C2425F44E00C312CF /* Project object */;
}
